
Microsoft Visual Studio Solution File, Format Version 12.00
# Visual Studio 14
VisualStudioVersion = 14.0.23107.0
MinimumVisualStudioVersion = 10.0.40219.1
Project("{FAE04EC0-301F-11D3-BF4B-00C04F79EFBC}") = "teamLu", "teamLu\teamLu.csproj", "{6A30F1F9-6C7C-42E4-9E9E-0E2DFA5D12BE}"
EndProject
Project("{FAE04EC0-301F-11D3-BF4B-00C04F79EFBC}") = "teamLuTests", "teamLuTests\teamLuTests.csproj", "{9E5F4A94-745B-4780-A936-A6EA62B6DE15}"
EndProject
Project("{FAE04EC0-301F-11D3-BF4B-00C04F79EFBC}") = "SecondGroupClass", "SecondGroupClass\SecondGroupClass.csproj", "{B04D15D9-181F-44FF-B42E-DB72A9D52FEF}"
EndProject
Global
	GlobalSection(SolutionConfigurationPlatforms) = preSolution
		Debug|Any CPU = Debug|Any CPU
		Release|Any CPU = Release|Any CPU
	EndGlobalSection
	GlobalSection(ProjectConfigurationPlatforms) = postSolution
		{6A30F1F9-6C7C-42E4-9E9E-0E2DFA5D12BE}.Debug|Any CPU.ActiveCfg = Debug|Any CPU
		{6A30F1F9-6C7C-42E4-9E9E-0E2DFA5D12BE}.Debug|Any CPU.Build.0 = Debug|Any CPU
		{6A30F1F9-6C7C-42E4-9E9E-0E2DFA5D12BE}.Release|Any CPU.ActiveCfg = Release|Any CPU
		{6A30F1F9-6C7C-42E4-9E9E-0E2DFA5D12BE}.Release|Any CPU.Build.0 = Release|Any CPU
		{9E5F4A94-745B-4780-A936-A6EA62B6DE15}.Debug|Any CPU.ActiveCfg = Debug|Any CPU
		{9E5F4A94-745B-4780-A936-A6EA62B6DE15}.Debug|Any CPU.Build.0 = Debug|Any CPU
		{9E5F4A94-745B-4780-A936-A6EA62B6DE15}.Release|Any CPU.ActiveCfg = Release|Any CPU
		{9E5F4A94-745B-4780-A936-A6EA62B6DE15}.Release|Any CPU.Build.0 = Release|Any CPU
		{B04D15D9-181F-44FF-B42E-DB72A9D52FEF}.Debug|Any CPU.ActiveCfg = Debug|Any CPU
		{B04D15D9-181F-44FF-B42E-DB72A9D52FEF}.Debug|Any CPU.Build.0 = Debug|Any CPU
		{B04D15D9-181F-44FF-B42E-DB72A9D52FEF}.Release|Any CPU.ActiveCfg = Release|Any CPU
		{B04D15D9-181F-44FF-B42E-DB72A9D52FEF}.Release|Any CPU.Build.0 = Release|Any CPU
	EndGlobalSection
	GlobalSection(SolutionProperties) = preSolution
		HideSolutionNode = FALSE
	EndGlobalSection
EndGlobal
